
Microsoft Visual Studio Solution File, Format Version 12.00
# Visual Studio 14
VisualStudioVersion = 14.0.25123.0
MinimumVisualStudioVersion = 10.0.40219.1
Project("{D954291E-2A0B-460D-934E-DC6B0785DB48}") = "Xamarin.Forms.Platform.Skia", "Xamarin.Forms.Platform.Skia\Xamarin.Forms.Platform.Skia.shproj", "{0CE04412-28B3-4136-8863-3A39954540BD}"
EndProject
Project("{FAE04EC0-301F-11D3-BF4B-00C04F79EFBC}") = "Xamarin.Forms.Platform.Skia.LinuxFB", "Xamarin.Forms.Platform.Skia.LinuxFB\Xamarin.Forms.Platform.Skia.LinuxFB.csproj", "{6E9D5658-002A-4467-A9EB-3A765BFB1527}"
EndProject
Project("{FAE04EC0-301F-11D3-BF4B-00C04F79EFBC}") = "Xamarin.Forms.SkiaLinuxFBDemo", "Xamarin.Forms.SkiaLinuxFBDemo\Xamarin.Forms.SkiaLinuxFBDemo.csproj", "{6A9186AB-F887-48DF-940A-ED938FDFC0F6}"
EndProject
Project("{FAE04EC0-301F-11D3-BF4B-00C04F79EFBC}") = "Xamarin.Forms.Core", "Xamarin.Forms.Core\Xamarin.Forms.Core.csproj", "{57B8B73D-C3B5-4C42-869E-7B2F17D354AC}"
EndProject
Project("{FAE04EC0-301F-11D3-BF4B-00C04F79EFBC}") = "Xamarin.Forms.Platform", "Xamarin.Forms.Platform\Xamarin.Forms.Platform.csproj", "{67F9D3A8-F71E-4428-913F-C37AE82CDB24}"
EndProject
Global
	GlobalSection(SharedMSBuildProjectFiles) = preSolution
		Xamarin.Forms.Platform.Skia\Xamarin.Forms.Platform.Skia.projitems*{0ce04412-28b3-4136-8863-3a39954540bd}*SharedItemsImports = 13
		Xamarin.Forms.Platform.Skia\Xamarin.Forms.Platform.Skia.projitems*{6e9d5658-002a-4467-a9eb-3a765bfb1527}*SharedItemsImports = 4
	EndGlobalSection
	GlobalSection(SolutionConfigurationPlatforms) = preSolution
		Debug|Any CPU = Debug|Any CPU
		Release|Any CPU = Release|Any CPU
		Turkey|Any CPU = Turkey|Any CPU
	EndGlobalSection
	GlobalSection(ProjectConfigurationPlatforms) = postSolution
		{6E9D5658-002A-4467-A9EB-3A765BFB1527}.Debug|Any CPU.ActiveCfg = Debug|Any CPU
		{6E9D5658-002A-4467-A9EB-3A765BFB1527}.Debug|Any CPU.Build.0 = Debug|Any CPU
		{6E9D5658-002A-4467-A9EB-3A765BFB1527}.Release|Any CPU.ActiveCfg = Release|Any CPU
		{6E9D5658-002A-4467-A9EB-3A765BFB1527}.Release|Any CPU.Build.0 = Release|Any CPU
		{6E9D5658-002A-4467-A9EB-3A765BFB1527}.Turkey|Any CPU.ActiveCfg = Release|Any CPU
		{6E9D5658-002A-4467-A9EB-3A765BFB1527}.Turkey|Any CPU.Build.0 = Release|Any CPU
		{6A9186AB-F887-48DF-940A-ED938FDFC0F6}.Debug|Any CPU.ActiveCfg = Debug|Any CPU
		{6A9186AB-F887-48DF-940A-ED938FDFC0F6}.Debug|Any CPU.Build.0 = Debug|Any CPU
		{6A9186AB-F887-48DF-940A-ED938FDFC0F6}.Release|Any CPU.ActiveCfg = Release|Any CPU
		{6A9186AB-F887-48DF-940A-ED938FDFC0F6}.Release|Any CPU.Build.0 = Release|Any CPU
		{6A9186AB-F887-48DF-940A-ED938FDFC0F6}.Turkey|Any CPU.ActiveCfg = Release|Any CPU
		{6A9186AB-F887-48DF-940A-ED938FDFC0F6}.Turkey|Any CPU.Build.0 = Release|Any CPU
		{57B8B73D-C3B5-4C42-869E-7B2F17D354AC}.Debug|Any CPU.ActiveCfg = Debug|Any CPU
		{57B8B73D-C3B5-4C42-869E-7B2F17D354AC}.Debug|Any CPU.Build.0 = Debug|Any CPU
		{57B8B73D-C3B5-4C42-869E-7B2F17D354AC}.Release|Any CPU.ActiveCfg = Release|Any CPU
		{57B8B73D-C3B5-4C42-869E-7B2F17D354AC}.Release|Any CPU.Build.0 = Release|Any CPU
		{57B8B73D-C3B5-4C42-869E-7B2F17D354AC}.Turkey|Any CPU.ActiveCfg = Turkey|Any CPU
		{57B8B73D-C3B5-4C42-869E-7B2F17D354AC}.Turkey|Any CPU.Build.0 = Turkey|Any CPU
		{67F9D3A8-F71E-4428-913F-C37AE82CDB24}.Debug|Any CPU.ActiveCfg = Debug|Any CPU
		{67F9D3A8-F71E-4428-913F-C37AE82CDB24}.Debug|Any CPU.Build.0 = Debug|Any CPU
		{67F9D3A8-F71E-4428-913F-C37AE82CDB24}.Release|Any CPU.ActiveCfg = Release|Any CPU
		{67F9D3A8-F71E-4428-913F-C37AE82CDB24}.Release|Any CPU.Build.0 = Release|Any CPU
		{67F9D3A8-F71E-4428-913F-C37AE82CDB24}.Turkey|Any CPU.ActiveCfg = Release|Any CPU
		{67F9D3A8-F71E-4428-913F-C37AE82CDB24}.Turkey|Any CPU.Build.0 = Release|Any CPU
	EndGlobalSection
	GlobalSection(SolutionProperties) = preSolution
		HideSolutionNode = FALSE
	EndGlobalSection
EndGlobal
